
Microsoft Visual Studio Solution File, Format Version 12.00
# Visual Studio 15
VisualStudioVersion = 15.0.28307.757
MinimumVisualStudioVersion = 10.0.40219.1
Project("{8BC9CEB8-8B4A-11D0-8D11-00A0C91BC942}") = "ClrInvoke", "ClrInvoke\ClrInvoke.vcxproj", "{5B5FBB40-8CBF-42FC-B299-E92FAF1C8FE7}"
EndProject
Project("{FAE04EC0-301F-11D3-BF4B-00C04F79EFBC}") = "DotNet", "DotNet\DotNet.csproj", "{A0B672DA-F1ED-4E05-91ED-F09BCA2AA1BD}"
EndProject
Project("{FAE04EC0-301F-11D3-BF4B-00C04F79EFBC}") = "InjectSharpLib", "InjectSharpLib\InjectSharpLib.csproj", "{AC9A267B-31C6-4522-93CC-9DFEEC29BA48}"
EndProject
Project("{FAE04EC0-301F-11D3-BF4B-00C04F79EFBC}") = "WindowsApi", "WindowsApi\WindowsApi.csproj", "{6CA2591F-95FD-4D5D-A218-A3BF1BA0C533}"
EndProject
Project("{8BC9CEB8-8B4A-11D0-8D11-00A0C91BC942}") = "ClrLoader", "ClrLoader\ClrLoader.vcxproj", "{E6594BE7-11CC-44F9-BD19-F5E241D7EA2D}"
EndProject
Global
	GlobalSection(SolutionConfigurationPlatforms) = preSolution
		Debug|Any CPU = Debug|Any CPU
		Debug|x64 = Debug|x64
		Debug|x86 = Debug|x86
		Release|Any CPU = Release|Any CPU
		Release|x64 = Release|x64
		Release|x86 = Release|x86
	EndGlobalSection
	GlobalSection(ProjectConfigurationPlatforms) = postSolution
		{5B5FBB40-8CBF-42FC-B299-E92FAF1C8FE7}.Debug|Any CPU.ActiveCfg = Debug|Win32
		{5B5FBB40-8CBF-42FC-B299-E92FAF1C8FE7}.Debug|x64.ActiveCfg = Debug|x64
		{5B5FBB40-8CBF-42FC-B299-E92FAF1C8FE7}.Debug|x64.Build.0 = Debug|x64
		{5B5FBB40-8CBF-42FC-B299-E92FAF1C8FE7}.Debug|x86.ActiveCfg = Debug|Win32
		{5B5FBB40-8CBF-42FC-B299-E92FAF1C8FE7}.Debug|x86.Build.0 = Debug|Win32
		{5B5FBB40-8CBF-42FC-B299-E92FAF1C8FE7}.Release|Any CPU.ActiveCfg = Release|Win32
		{5B5FBB40-8CBF-42FC-B299-E92FAF1C8FE7}.Release|x64.ActiveCfg = Release|x64
		{5B5FBB40-8CBF-42FC-B299-E92FAF1C8FE7}.Release|x64.Build.0 = Release|x64
		{5B5FBB40-8CBF-42FC-B299-E92FAF1C8FE7}.Release|x86.ActiveCfg = Release|Win32
		{5B5FBB40-8CBF-42FC-B299-E92FAF1C8FE7}.Release|x86.Build.0 = Release|Win32
		{A0B672DA-F1ED-4E05-91ED-F09BCA2AA1BD}.Debug|Any CPU.ActiveCfg = Debug|Any CPU
		{A0B672DA-F1ED-4E05-91ED-F09BCA2AA1BD}.Debug|Any CPU.Build.0 = Debug|Any CPU
		{A0B672DA-F1ED-4E05-91ED-F09BCA2AA1BD}.Debug|x64.ActiveCfg = Debug|Any CPU
		{A0B672DA-F1ED-4E05-91ED-F09BCA2AA1BD}.Debug|x64.Build.0 = Debug|Any CPU
		{A0B672DA-F1ED-4E05-91ED-F09BCA2AA1BD}.Debug|x86.ActiveCfg = Debug|Any CPU
		{A0B672DA-F1ED-4E05-91ED-F09BCA2AA1BD}.Debug|x86.Build.0 = Debug|Any CPU
		{A0B672DA-F1ED-4E05-91ED-F09BCA2AA1BD}.Release|Any CPU.ActiveCfg = Release|Any CPU
		{A0B672DA-F1ED-4E05-91ED-F09BCA2AA1BD}.Release|Any CPU.Build.0 = Release|Any CPU
		{A0B672DA-F1ED-4E05-91ED-F09BCA2AA1BD}.Release|x64.ActiveCfg = Release|Any CPU
		{A0B672DA-F1ED-4E05-91ED-F09BCA2AA1BD}.Release|x64.Build.0 = Release|Any CPU
		{A0B672DA-F1ED-4E05-91ED-F09BCA2AA1BD}.Release|x86.ActiveCfg = Release|Any CPU
		{A0B672DA-F1ED-4E05-91ED-F09BCA2AA1BD}.Release|x86.Build.0 = Release|Any CPU
		{AC9A267B-31C6-4522-93CC-9DFEEC29BA48}.Debug|Any CPU.ActiveCfg = Debug|Any CPU
		{AC9A267B-31C6-4522-93CC-9DFEEC29BA48}.Debug|Any CPU.Build.0 = Debug|Any CPU
		{AC9A267B-31C6-4522-93CC-9DFEEC29BA48}.Debug|x64.ActiveCfg = Debug|Any CPU
		{AC9A267B-31C6-4522-93CC-9DFEEC29BA48}.Debug|x64.Build.0 = Debug|Any CPU
		{AC9A267B-31C6-4522-93CC-9DFEEC29BA48}.Debug|x86.ActiveCfg = Debug|Any CPU
		{AC9A267B-31C6-4522-93CC-9DFEEC29BA48}.Debug|x86.Build.0 = Debug|Any CPU
		{AC9A267B-31C6-4522-93CC-9DFEEC29BA48}.Release|Any CPU.ActiveCfg = Release|Any CPU
		{AC9A267B-31C6-4522-93CC-9DFEEC29BA48}.Release|Any CPU.Build.0 = Release|Any CPU
		{AC9A267B-31C6-4522-93CC-9DFEEC29BA48}.Release|x64.ActiveCfg = Release|Any CPU
		{AC9A267B-31C6-4522-93CC-9DFEEC29BA48}.Release|x64.Build.0 = Release|Any CPU
		{AC9A267B-31C6-4522-93CC-9DFEEC29BA48}.Release|x86.ActiveCfg = Release|Any CPU
		{AC9A267B-31C6-4522-93CC-9DFEEC29BA48}.Release|x86.Build.0 = Release|Any CPU
		{6CA2591F-95FD-4D5D-A218-A3BF1BA0C533}.Debug|Any CPU.ActiveCfg = Debug|Any CPU
		{6CA2591F-95FD-4D5D-A218-A3BF1BA0C533}.Debug|Any CPU.Build.0 = Debug|Any CPU
		{6CA2591F-95FD-4D5D-A218-A3BF1BA0C533}.Debug|x64.ActiveCfg = Debug|Any CPU
		{6CA2591F-95FD-4D5D-A218-A3BF1BA0C533}.Debug|x64.Build.0 = Debug|Any CPU
		{6CA2591F-95FD-4D5D-A218-A3BF1BA0C533}.Debug|x86.ActiveCfg = Debug|Any CPU
		{6CA2591F-95FD-4D5D-A218-A3BF1BA0C533}.Debug|x86.Build.0 = Debug|Any CPU
		{6CA2591F-95FD-4D5D-A218-A3BF1BA0C533}.Release|Any CPU.ActiveCfg = Release|Any CPU
		{6CA2591F-95FD-4D5D-A218-A3BF1BA0C533}.Release|Any CPU.Build.0 = Release|Any CPU
		{6CA2591F-95FD-4D5D-A218-A3BF1BA0C533}.Release|x64.ActiveCfg = Release|Any CPU
		{6CA2591F-95FD-4D5D-A218-A3BF1BA0C533}.Release|x64.Build.0 = Release|Any CPU
		{6CA2591F-95FD-4D5D-A218-A3BF1BA0C533}.Release|x86.ActiveCfg = Release|Any CPU
		{6CA2591F-95FD-4D5D-A218-A3BF1BA0C533}.Release|x86.Build.0 = Release|Any CPU
		{E6594BE7-11CC-44F9-BD19-F5E241D7EA2D}.Debug|Any CPU.ActiveCfg = Debug|Win32
		{E6594BE7-11CC-44F9-BD19-F5E241D7EA2D}.Debug|x64.ActiveCfg = Debug|x64
		{E6594BE7-11CC-44F9-BD19-F5E241D7EA2D}.Debug|x64.Build.0 = Debug|x64
		{E6594BE7-11CC-44F9-BD19-F5E241D7EA2D}.Debug|x86.ActiveCfg = Debug|Win32
		{E6594BE7-11CC-44F9-BD19-F5E241D7EA2D}.Debug|x86.Build.0 = Debug|Win32
		{E6594BE7-11CC-44F9-BD19-F5E241D7EA2D}.Release|Any CPU.ActiveCfg = Release|Win32
		{E6594BE7-11CC-44F9-BD19-F5E241D7EA2D}.Release|x64.ActiveCfg = Release|x64
		{E6594BE7-11CC-44F9-BD19-F5E241D7EA2D}.Release|x64.Build.0 = Release|x64
		{E6594BE7-11CC-44F9-BD19-F5E241D7EA2D}.Release|x86.ActiveCfg = Release|Win32
		{E6594BE7-11CC-44F9-BD19-F5E241D7EA2D}.Release|x86.Build.0 = Release|Win32
	EndGlobalSection
	GlobalSection(SolutionProperties) = preSolution
		HideSolutionNode = FALSE
	EndGlobalSection
	GlobalSection(ExtensibilityGlobals) = postSolution
		SolutionGuid = {003E0297-5D60-463B-8200-0B3CA050A44A}
	EndGlobalSection
EndGlobal
